# This file is automatically @generated by Cargo.
# It is not intended for manual editing.
version = 4

[[package]]
name = "autocfg"
version = "1.5.0"
source = "registry+https://github.com/rust-lang/crates.io-index"
checksum = "c08606f8c3cbf4ce6ec8e28fb0014a2c086708fe954eaa885384a6165172e7e8"

[[package]]
name = "bracket-color"
version = "0.8.7"
source = "registry+https://github.com/rust-lang/crates.io-index"
checksum = "7333827cf727ceb302cc4f638cc8befc87f5f1423873255d94cc0a24009e940a"

[[package]]
name = "chrono"
version = "0.4.42"
source = "registry+https://github.com/rust-lang/crates.io-index"
checksum = "145052bdd345b87320e369255277e3fb5152762ad123a901ef5c262dd38fe8d2"
dependencies = [
 "num-traits",
]

[[package]]
name = "float_eq"
version = "1.0.1"
source = "registry+https://github.com/rust-lang/crates.io-index"
checksum = "28a80e3145d8ad11ba0995949bbcf48b9df2be62772b3d351ef017dff6ecb853"

[[package]]
name = "num-traits"
version = "0.2.19"
source = "registry+https://github.com/rust-lang/crates.io-index"
checksum = "071dfc062690e90b734c0b2273ce72ad0ffa95f0c74596bc250dcfd960262841"
dependencies = [
 "autocfg",
]

[[package]]
name = "smarthome-math"
version = "0.1.0"
dependencies = [
 "bracket-color",
 "chrono",
 "float_eq",
 "suncalc",
]

[[package]]
name = "suncalc"
version = "0.4.0"
source = "registry+https://github.com/rust-lang/crates.io-index"
checksum = "830c44c596fd2dfa93ad514462622e014c3e58e5d7e6844a87f7d510e8e68045"
